
Microsoft Visual Studio Solution File, Format Version 12.00
# Visual Studio Version 17
VisualStudioVersion = 17.3.32901.215
MinimumVisualStudioVersion = 10.0.40219.1
Project("{FAE04EC0-301F-11D3-BF4B-00C04F79EFBC}") = "calısma01tar010", "calısma01tar010\calısma01tar010.csproj", "{A7948C91-6D31-4E3B-B582-54593407941C}"
EndProject
Global
	GlobalSection(SolutionConfigurationPlatforms) = preSolution
		Debug|Any CPU = Debug|Any CPU
		Release|Any CPU = Release|Any CPU
	EndGlobalSection
	GlobalSection(ProjectConfigurationPlatforms) = postSolution
		{A7948C91-6D31-4E3B-B582-54593407941C}.Debug|Any CPU.ActiveCfg = Debug|Any CPU
		{A7948C91-6D31-4E3B-B582-54593407941C}.Debug|Any CPU.Build.0 = Debug|Any CPU
		{A7948C91-6D31-4E3B-B582-54593407941C}.Release|Any CPU.ActiveCfg = Release|Any CPU
		{A7948C91-6D31-4E3B-B582-54593407941C}.Release|Any CPU.Build.0 = Release|Any CPU
	EndGlobalSection
	GlobalSection(SolutionProperties) = preSolution
		HideSolutionNode = FALSE
	EndGlobalSection
	GlobalSection(ExtensibilityGlobals) = postSolution
		SolutionGuid = {769BC530-CA9F-499B-9A9C-8B26446A93FB}
	EndGlobalSection
EndGlobal
